
Microsoft Visual Studio Solution File, Format Version 12.00
# Visual Studio 14
VisualStudioVersion = 14.0.25420.1
MinimumVisualStudioVersion = 10.0.40219.1
Project("{F184B08F-C81C-45F6-A57F-5ABD9991F28F}") = "POS_2021", "POS_2021\POS_2021.vbproj", "{55095B68-12FA-40B9-BF48-91B5D8E9FD84}"
EndProject
Project("{54435603-DBB4-11D2-8724-00A0C9A8B90C}") = "BeyPOS1", "BeyPOS1\BeyPOS1.vdproj", "{30862FA5-BE09-4AA1-A083-57C0934FE448}"
EndProject
Project("{54435603-DBB4-11D2-8724-00A0C9A8B90C}") = "BeyPOS2", "BeyPOS2\BeyPOS2.vdproj", "{F64221A6-315A-4D8B-B55B-C70975E4276F}"
EndProject
Global
	GlobalSection(SolutionConfigurationPlatforms) = preSolution
		CD_ROM|Any CPU = CD_ROM|Any CPU
		CD_ROM|x86 = CD_ROM|x86
		Debug|Any CPU = Debug|Any CPU
		Debug|x86 = Debug|x86
		DVD-5|Any CPU = DVD-5|Any CPU
		DVD-5|x86 = DVD-5|x86
		Release|Any CPU = Release|Any CPU
		Release|x86 = Release|x86
		SingleImage|Any CPU = SingleImage|Any CPU
		SingleImage|x86 = SingleImage|x86
	EndGlobalSection
	GlobalSection(ProjectConfigurationPlatforms) = postSolution
		{55095B68-12FA-40B9-BF48-91B5D8E9FD84}.CD_ROM|Any CPU.ActiveCfg = Release|Any CPU
		{55095B68-12FA-40B9-BF48-91B5D8E9FD84}.CD_ROM|Any CPU.Build.0 = Release|Any CPU
		{55095B68-12FA-40B9-BF48-91B5D8E9FD84}.CD_ROM|x86.ActiveCfg = Release|Any CPU
		{55095B68-12FA-40B9-BF48-91B5D8E9FD84}.CD_ROM|x86.Build.0 = Release|Any CPU
		{55095B68-12FA-40B9-BF48-91B5D8E9FD84}.Debug|Any CPU.ActiveCfg = Debug|Any CPU
		{55095B68-12FA-40B9-BF48-91B5D8E9FD84}.Debug|Any CPU.Build.0 = Debug|Any CPU
		{55095B68-12FA-40B9-BF48-91B5D8E9FD84}.Debug|x86.ActiveCfg = Debug|Any CPU
		{55095B68-12FA-40B9-BF48-91B5D8E9FD84}.Debug|x86.Build.0 = Debug|Any CPU
		{55095B68-12FA-40B9-BF48-91B5D8E9FD84}.DVD-5|Any CPU.ActiveCfg = Debug|Any CPU
		{55095B68-12FA-40B9-BF48-91B5D8E9FD84}.DVD-5|Any CPU.Build.0 = Debug|Any CPU
		{55095B68-12FA-40B9-BF48-91B5D8E9FD84}.DVD-5|x86.ActiveCfg = Debug|Any CPU
		{55095B68-12FA-40B9-BF48-91B5D8E9FD84}.DVD-5|x86.Build.0 = Debug|Any CPU
		{55095B68-12FA-40B9-BF48-91B5D8E9FD84}.Release|Any CPU.ActiveCfg = Release|Any CPU
		{55095B68-12FA-40B9-BF48-91B5D8E9FD84}.Release|Any CPU.Build.0 = Release|Any CPU
		{55095B68-12FA-40B9-BF48-91B5D8E9FD84}.Release|x86.ActiveCfg = Release|Any CPU
		{55095B68-12FA-40B9-BF48-91B5D8E9FD84}.Release|x86.Build.0 = Release|Any CPU
		{55095B68-12FA-40B9-BF48-91B5D8E9FD84}.SingleImage|Any CPU.ActiveCfg = Release|Any CPU
		{55095B68-12FA-40B9-BF48-91B5D8E9FD84}.SingleImage|Any CPU.Build.0 = Release|Any CPU
		{55095B68-12FA-40B9-BF48-91B5D8E9FD84}.SingleImage|x86.ActiveCfg = Release|Any CPU
		{55095B68-12FA-40B9-BF48-91B5D8E9FD84}.SingleImage|x86.Build.0 = Release|Any CPU
		{30862FA5-BE09-4AA1-A083-57C0934FE448}.CD_ROM|Any CPU.ActiveCfg = Release
		{30862FA5-BE09-4AA1-A083-57C0934FE448}.CD_ROM|x86.ActiveCfg = Release
		{30862FA5-BE09-4AA1-A083-57C0934FE448}.Debug|Any CPU.ActiveCfg = Debug
		{30862FA5-BE09-4AA1-A083-57C0934FE448}.Debug|x86.ActiveCfg = Debug
		{30862FA5-BE09-4AA1-A083-57C0934FE448}.DVD-5|Any CPU.ActiveCfg = Debug
		{30862FA5-BE09-4AA1-A083-57C0934FE448}.DVD-5|x86.ActiveCfg = Debug
		{30862FA5-BE09-4AA1-A083-57C0934FE448}.Release|Any CPU.ActiveCfg = Release
		{30862FA5-BE09-4AA1-A083-57C0934FE448}.Release|x86.ActiveCfg = Release
		{30862FA5-BE09-4AA1-A083-57C0934FE448}.SingleImage|Any CPU.ActiveCfg = Release
		{30862FA5-BE09-4AA1-A083-57C0934FE448}.SingleImage|x86.ActiveCfg = Release
		{F64221A6-315A-4D8B-B55B-C70975E4276F}.CD_ROM|Any CPU.ActiveCfg = Release
		{F64221A6-315A-4D8B-B55B-C70975E4276F}.CD_ROM|x86.ActiveCfg = Release
		{F64221A6-315A-4D8B-B55B-C70975E4276F}.Debug|Any CPU.ActiveCfg = Debug
		{F64221A6-315A-4D8B-B55B-C70975E4276F}.Debug|x86.ActiveCfg = Debug
		{F64221A6-315A-4D8B-B55B-C70975E4276F}.DVD-5|Any CPU.ActiveCfg = Debug
		{F64221A6-315A-4D8B-B55B-C70975E4276F}.DVD-5|x86.ActiveCfg = Debug
		{F64221A6-315A-4D8B-B55B-C70975E4276F}.Release|Any CPU.ActiveCfg = Release
		{F64221A6-315A-4D8B-B55B-C70975E4276F}.Release|x86.ActiveCfg = Release
		{F64221A6-315A-4D8B-B55B-C70975E4276F}.SingleImage|Any CPU.ActiveCfg = Release
		{F64221A6-315A-4D8B-B55B-C70975E4276F}.SingleImage|x86.ActiveCfg = Release
	EndGlobalSection
	GlobalSection(SolutionProperties) = preSolution
		HideSolutionNode = FALSE
	EndGlobalSection
EndGlobal
